
Microsoft Visual Studio Solution File, Format Version 12.00
# Visual Studio Version 16
VisualStudioVersion = 16.0.28803.352
MinimumVisualStudioVersion = 10.0.40219.1
Project("{FAE04EC0-301F-11D3-BF4B-00C04F79EFBC}") = "WebApiApp", "WebApiApp\WebApiApp.csproj", "{26B3B02A-BF8D-4898-8944-9994D3A52072}"
EndProject
Global
	GlobalSection(SolutionConfigurationPlatforms) = preSolution
		Debug|Any CPU = Debug|Any CPU
		Release|Any CPU = Release|Any CPU
	EndGlobalSection
	GlobalSection(ProjectConfigurationPlatforms) = postSolution
		{26B3B02A-BF8D-4898-8944-9994D3A52072}.Debug|Any CPU.ActiveCfg = Debug|Any CPU
		{26B3B02A-BF8D-4898-8944-9994D3A52072}.Debug|Any CPU.Build.0 = Debug|Any CPU
		{26B3B02A-BF8D-4898-8944-9994D3A52072}.Release|Any CPU.ActiveCfg = Release|Any CPU
		{26B3B02A-BF8D-4898-8944-9994D3A52072}.Release|Any CPU.Build.0 = Release|Any CPU
	EndGlobalSection
	GlobalSection(SolutionProperties) = preSolution
		HideSolutionNode = FALSE
	EndGlobalSection
	GlobalSection(ExtensibilityGlobals) = postSolution
		SolutionGuid = {E1BDAD54-15AA-4F54-A67D-419813012DD8}
	EndGlobalSection
EndGlobal
